
Microsoft Visual Studio Solution File, Format Version 12.00
# Visual Studio Version 17
VisualStudioVersion = 17.2.32516.85
MinimumVisualStudioVersion = 10.0.40219.1
Project("{FAE04EC0-301F-11D3-BF4B-00C04F79EFBC}") = "PracticeLinq", "PracticeLinq\PracticeLinq.csproj", "{997B5A44-C0A0-4B5C-9B39-8B3024A88D69}"
EndProject
Global
	GlobalSection(SolutionConfigurationPlatforms) = preSolution
		Debug|Any CPU = Debug|Any CPU
		Release|Any CPU = Release|Any CPU
	EndGlobalSection
	GlobalSection(ProjectConfigurationPlatforms) = postSolution
		{997B5A44-C0A0-4B5C-9B39-8B3024A88D69}.Debug|Any CPU.ActiveCfg = Debug|Any CPU
		{997B5A44-C0A0-4B5C-9B39-8B3024A88D69}.Debug|Any CPU.Build.0 = Debug|Any CPU
		{997B5A44-C0A0-4B5C-9B39-8B3024A88D69}.Release|Any CPU.ActiveCfg = Release|Any CPU
		{997B5A44-C0A0-4B5C-9B39-8B3024A88D69}.Release|Any CPU.Build.0 = Release|Any CPU
	EndGlobalSection
	GlobalSection(SolutionProperties) = preSolution
		HideSolutionNode = FALSE
	EndGlobalSection
	GlobalSection(ExtensibilityGlobals) = postSolution
		SolutionGuid = {0BFC2989-E45C-4C50-ABBA-8BFC8AE37B24}
	EndGlobalSection
EndGlobal
